
Microsoft Visual Studio Solution File, Format Version 12.00
# Visual Studio Version 17
VisualStudioVersion = 17.2.32616.157
MinimumVisualStudioVersion = 10.0.40219.1
Project("{FAE04EC0-301F-11D3-BF4B-00C04F79EFBC}") = "ShoppingList", "ShoppingList\ShoppingList.csproj", "{B372A82F-B4DA-429E-A884-70B195B6BE02}"
EndProject
Global
	GlobalSection(SolutionConfigurationPlatforms) = preSolution
		Debug|Any CPU = Debug|Any CPU
		Release|Any CPU = Release|Any CPU
	EndGlobalSection
	GlobalSection(ProjectConfigurationPlatforms) = postSolution
		{B372A82F-B4DA-429E-A884-70B195B6BE02}.Debug|Any CPU.ActiveCfg = Debug|Any CPU
		{B372A82F-B4DA-429E-A884-70B195B6BE02}.Debug|Any CPU.Build.0 = Debug|Any CPU
		{B372A82F-B4DA-429E-A884-70B195B6BE02}.Release|Any CPU.ActiveCfg = Release|Any CPU
		{B372A82F-B4DA-429E-A884-70B195B6BE02}.Release|Any CPU.Build.0 = Release|Any CPU
	EndGlobalSection
	GlobalSection(SolutionProperties) = preSolution
		HideSolutionNode = FALSE
	EndGlobalSection
	GlobalSection(ExtensibilityGlobals) = postSolution
		SolutionGuid = {4D5CCC0E-27C6-4449-A2BA-F5F6D594F1E3}
	EndGlobalSection
EndGlobal
