
Microsoft Visual Studio Solution File, Format Version 12.00
# Visual Studio Version 17
VisualStudioVersion = 17.2.32616.157
MinimumVisualStudioVersion = 10.0.40219.1
Project("{FAE04EC0-301F-11D3-BF4B-00C04F79EFBC}") = "PowersTable", "PowersTable\PowersTable.csproj", "{F23233B4-5B03-4F8D-B537-303226291F00}"
EndProject
Global
	GlobalSection(SolutionConfigurationPlatforms) = preSolution
		Debug|Any CPU = Debug|Any CPU
		Release|Any CPU = Release|Any CPU
	EndGlobalSection
	GlobalSection(ProjectConfigurationPlatforms) = postSolution
		{F23233B4-5B03-4F8D-B537-303226291F00}.Debug|Any CPU.ActiveCfg = Debug|Any CPU
		{F23233B4-5B03-4F8D-B537-303226291F00}.Debug|Any CPU.Build.0 = Debug|Any CPU
		{F23233B4-5B03-4F8D-B537-303226291F00}.Release|Any CPU.ActiveCfg = Release|Any CPU
		{F23233B4-5B03-4F8D-B537-303226291F00}.Release|Any CPU.Build.0 = Release|Any CPU
	EndGlobalSection
	GlobalSection(SolutionProperties) = preSolution
		HideSolutionNode = FALSE
	EndGlobalSection
	GlobalSection(ExtensibilityGlobals) = postSolution
		SolutionGuid = {BC588641-165D-4F7F-B859-347B323F74CE}
	EndGlobalSection
EndGlobal
